
Microsoft Visual Studio Solution File, Format Version 12.00
# Visual Studio Version 16
VisualStudioVersion = 16.0.31702.278
MinimumVisualStudioVersion = 10.0.40219.1
Project("{FAE04EC0-301F-11D3-BF4B-00C04F79EFBC}") = "API", "API\API.csproj", "{A35AB82F-C68E-4656-9183-A5F8FE27BF2D}"
EndProject
Global
	GlobalSection(SolutionConfigurationPlatforms) = preSolution
		Debug|Any CPU = Debug|Any CPU
		Release|Any CPU = Release|Any CPU
	EndGlobalSection
	GlobalSection(ProjectConfigurationPlatforms) = postSolution
		{A35AB82F-C68E-4656-9183-A5F8FE27BF2D}.Debug|Any CPU.ActiveCfg = Debug|Any CPU
		{A35AB82F-C68E-4656-9183-A5F8FE27BF2D}.Debug|Any CPU.Build.0 = Debug|Any CPU
		{A35AB82F-C68E-4656-9183-A5F8FE27BF2D}.Release|Any CPU.ActiveCfg = Release|Any CPU
		{A35AB82F-C68E-4656-9183-A5F8FE27BF2D}.Release|Any CPU.Build.0 = Release|Any CPU
	EndGlobalSection
	GlobalSection(SolutionProperties) = preSolution
		HideSolutionNode = FALSE
	EndGlobalSection
	GlobalSection(ExtensibilityGlobals) = postSolution
		SolutionGuid = {06525804-1371-4669-BDD6-B1820A4C41AA}
	EndGlobalSection
EndGlobal
